
Microsoft Visual Studio Solution File, Format Version 12.00
# Visual Studio Version 17
VisualStudioVersion = 17.0.32014.148
MinimumVisualStudioVersion = 10.0.40219.1
Project("{2150E333-8FDC-42A3-9474-1A3956D46DE8}") = "Solution Items", "Solution Items", "{957BDFE1-A2B9-47CB-9771-838903E43663}"
	ProjectSection(SolutionItems) = preProject
		README.md = README.md
	EndProjectSection
EndProject
Project("{2150E333-8FDC-42A3-9474-1A3956D46DE8}") = "tests", "tests", "{F83D04E6-146F-448C-92A4-DD2F995D83CC}"
EndProject
Project("{9A19103F-16F7-4668-BE54-9A1E7A4F7556}") = "ServicesTestFramework.ExampleApi", "tests\ServicesTestFramework.ExampleApi\ServicesTestFramework.ExampleApi.csproj", "{C892CD73-A1BC-4EE2-B614-200671412D5A}"
EndProject
Project("{9A19103F-16F7-4668-BE54-9A1E7A4F7556}") = "ServicesTestFramework.WebAppTools.Tests", "tests\ServicesTestFramework.WebAppTools.Tests\ServicesTestFramework.WebAppTools.Tests.csproj", "{B1A7E5FB-E5CE-4048-BB03-0E6A53ED5A54}"
EndProject
Project("{9A19103F-16F7-4668-BE54-9A1E7A4F7556}") = "ServicesTestFramework.DatabaseContainers.Tests", "tests\ServicesTestFramework.DatabaseContainers.Tests\ServicesTestFramework.DatabaseContainers.Tests.csproj", "{657DBB50-B567-4853-BD95-EE99FBA343E8}"
EndProject
Project("{9A19103F-16F7-4668-BE54-9A1E7A4F7556}") = "ServicesTestFramework.WebAppTools", "src\ServicesTestFramework.WebAppTools\ServicesTestFramework.WebAppTools.csproj", "{7DDF5822-6620-41DE-9A39-D3B2CC6083F2}"
EndProject
Project("{9A19103F-16F7-4668-BE54-9A1E7A4F7556}") = "ServicesTestFramework.DatabaseContainers", "src\ServicesTestFramework.DatabaseContainers\ServicesTestFramework.DatabaseContainers.csproj", "{2FBEBF2E-01E6-47D5-86EE-2F1E1A697789}"
EndProject
Global
	GlobalSection(SolutionConfigurationPlatforms) = preSolution
		Debug|Any CPU = Debug|Any CPU
		Release|Any CPU = Release|Any CPU
	EndGlobalSection
	GlobalSection(ProjectConfigurationPlatforms) = postSolution
		{C892CD73-A1BC-4EE2-B614-200671412D5A}.Debug|Any CPU.ActiveCfg = Debug|Any CPU
		{C892CD73-A1BC-4EE2-B614-200671412D5A}.Debug|Any CPU.Build.0 = Debug|Any CPU
		{C892CD73-A1BC-4EE2-B614-200671412D5A}.Release|Any CPU.ActiveCfg = Release|Any CPU
		{C892CD73-A1BC-4EE2-B614-200671412D5A}.Release|Any CPU.Build.0 = Release|Any CPU
		{B1A7E5FB-E5CE-4048-BB03-0E6A53ED5A54}.Debug|Any CPU.ActiveCfg = Debug|Any CPU
		{B1A7E5FB-E5CE-4048-BB03-0E6A53ED5A54}.Debug|Any CPU.Build.0 = Debug|Any CPU
		{B1A7E5FB-E5CE-4048-BB03-0E6A53ED5A54}.Release|Any CPU.ActiveCfg = Release|Any CPU
		{B1A7E5FB-E5CE-4048-BB03-0E6A53ED5A54}.Release|Any CPU.Build.0 = Release|Any CPU
		{657DBB50-B567-4853-BD95-EE99FBA343E8}.Debug|Any CPU.ActiveCfg = Debug|Any CPU
		{657DBB50-B567-4853-BD95-EE99FBA343E8}.Debug|Any CPU.Build.0 = Debug|Any CPU
		{657DBB50-B567-4853-BD95-EE99FBA343E8}.Release|Any CPU.ActiveCfg = Release|Any CPU
		{657DBB50-B567-4853-BD95-EE99FBA343E8}.Release|Any CPU.Build.0 = Release|Any CPU
		{7DDF5822-6620-41DE-9A39-D3B2CC6083F2}.Debug|Any CPU.ActiveCfg = Debug|Any CPU
		{7DDF5822-6620-41DE-9A39-D3B2CC6083F2}.Debug|Any CPU.Build.0 = Debug|Any CPU
		{7DDF5822-6620-41DE-9A39-D3B2CC6083F2}.Release|Any CPU.ActiveCfg = Release|Any CPU
		{7DDF5822-6620-41DE-9A39-D3B2CC6083F2}.Release|Any CPU.Build.0 = Release|Any CPU
		{2FBEBF2E-01E6-47D5-86EE-2F1E1A697789}.Debug|Any CPU.ActiveCfg = Debug|Any CPU
		{2FBEBF2E-01E6-47D5-86EE-2F1E1A697789}.Debug|Any CPU.Build.0 = Debug|Any CPU
		{2FBEBF2E-01E6-47D5-86EE-2F1E1A697789}.Release|Any CPU.ActiveCfg = Release|Any CPU
		{2FBEBF2E-01E6-47D5-86EE-2F1E1A697789}.Release|Any CPU.Build.0 = Release|Any CPU
	EndGlobalSection
	GlobalSection(SolutionProperties) = preSolution
		HideSolutionNode = FALSE
	EndGlobalSection
	GlobalSection(NestedProjects) = preSolution
		{C892CD73-A1BC-4EE2-B614-200671412D5A} = {F83D04E6-146F-448C-92A4-DD2F995D83CC}
		{B1A7E5FB-E5CE-4048-BB03-0E6A53ED5A54} = {F83D04E6-146F-448C-92A4-DD2F995D83CC}
		{657DBB50-B567-4853-BD95-EE99FBA343E8} = {F83D04E6-146F-448C-92A4-DD2F995D83CC}
	EndGlobalSection
	GlobalSection(ExtensibilityGlobals) = postSolution
		SolutionGuid = {20B9B9AE-FB2B-4122-9701-4DF7A88B3E9B}
	EndGlobalSection
EndGlobal
